
Microsoft Visual Studio Solution File, Format Version 12.00
# Visual Studio 2013
VisualStudioVersion = 12.0.21005.1
MinimumVisualStudioVersion = 10.0.40219.1
Project("{2150E333-8FDC-42A3-9474-1A3956D46DE8}") = "Solution Items", "Solution Items", "{8B8AE2C1-C4ED-4627-A092-B68B70183562}"
	ProjectSection(SolutionItems) = preProject
		README.md = README.md
	EndProjectSection
EndProject
Project("{2150E333-8FDC-42A3-9474-1A3956D46DE8}") = "Portable", "Portable", "{C6A7EF1B-B31F-40F5-B820-0660F28710D2}"
EndProject
Project("{2150E333-8FDC-42A3-9474-1A3956D46DE8}") = "Library", "Library", "{87C5DD7A-A991-4BA1-99AD-A9EED1FE64D7}"
	ProjectSection(SolutionItems) = preProject
		ARDroneInput\ARDroneInput.csproj = ARDroneInput\ARDroneInput.csproj
	EndProjectSection
EndProject
Project("{2150E333-8FDC-42A3-9474-1A3956D46DE8}") = "Test", "Test", "{6CBCAA58-357F-445A-ACD4-76C1933F1AA0}"
EndProject
Project("{FAE04EC0-301F-11D3-BF4B-00C04F79EFBC}") = "FFmpeg.AutoGen", "FFmpeg.AutoGen\FFmpeg.AutoGen\FFmpeg.AutoGen.csproj", "{A536B02A-B0B1-4753-8328-17369EF09976}"
EndProject
Project("{FAE04EC0-301F-11D3-BF4B-00C04F79EFBC}") = "AR.Drone.Client", "AR.Drone.Client\AR.Drone.Client.csproj", "{56DBF8E3-28A6-4C27-BA0A-B32352608F44}"
EndProject
Project("{FAE04EC0-301F-11D3-BF4B-00C04F79EFBC}") = "AR.Drone.WinApp", "AR.Drone.WinApp\AR.Drone.WinApp.csproj", "{78C83708-BF89-4A5D-B823-21D06EED6A6B}"
EndProject
Project("{FAE04EC0-301F-11D3-BF4B-00C04F79EFBC}") = "AR.Drone.Video", "AR.Drone.Video\AR.Drone.Video.csproj", "{36C63293-4C2D-41EC-B231-FAF55845C014}"
EndProject
Project("{FAE04EC0-301F-11D3-BF4B-00C04F79EFBC}") = "AR.Drone.Media", "AR.Drone.Media\AR.Drone.Media.csproj", "{DD02DB21-14CF-4E03-BEE2-AFB2B1C49A4D}"
EndProject
Project("{FAE04EC0-301F-11D3-BF4B-00C04F79EFBC}") = "AR.Drone.Data", "AR.Drone.Data\AR.Drone.Data.csproj", "{7D1B0B10-82F9-413F-BEE9-0174753D93A1}"
EndProject
Project("{FAE04EC0-301F-11D3-BF4B-00C04F79EFBC}") = "AR.Drone.Infrastructure", "AR.Drone.Infrastructure\AR.Drone.Infrastructure.csproj", "{5BE68B3D-1112-464D-8C17-844E834BB3BA}"
EndProject
Project("{FAE04EC0-301F-11D3-BF4B-00C04F79EFBC}") = "AR.Drone.Avionics", "AR.Drone.Avionics\AR.Drone.Avionics.csproj", "{19B1D7B1-C46F-4A87-A674-3350BF372A74}"
EndProject
Project("{FAE04EC0-301F-11D3-BF4B-00C04F79EFBC}") = "WpfApplication1", "Tests\WpfApplication1\WpfApplication1.csproj", "{D4A33158-58F9-49A7-B7A3-0D9AF338C108}"
EndProject
Project("{FAE04EC0-301F-11D3-BF4B-00C04F79EFBC}") = "AviationInstruments", "AviationInstruments\AviationInstruments.csproj", "{A61853C5-1CFE-4858-9D4E-11C1D2622034}"
EndProject
Project("{FAE04EC0-301F-11D3-BF4B-00C04F79EFBC}") = "Portable.AR.Drone.Data", "Portable\Portable.AR.Drone.Data\Portable.AR.Drone.Data.csproj", "{6DEED5C8-104F-4CFB-B9C7-E6C3A217CB6C}"
EndProject
Project("{FAE04EC0-301F-11D3-BF4B-00C04F79EFBC}") = "Portable.AR.Drone.Infrastructure", "Portable\Portable.AR.Drone.Infrastructure\Portable.AR.Drone.Infrastructure.csproj", "{7D1DB3C9-71C8-472B-851E-68103041E8D5}"
EndProject
Project("{FAE04EC0-301F-11D3-BF4B-00C04F79EFBC}") = "Portable.AR.Drone.Avionics", "Portable\Portable.AR.Drone.Avionics\Portable.AR.Drone.Avionics.csproj", "{57BEEC76-BA48-4EA9-A30C-E8ACD9DD3B07}"
EndProject
Project("{FAE04EC0-301F-11D3-BF4B-00C04F79EFBC}") = "Portable.AR.Drone.Client", "Portable\Portable.AR.Drone.Client\Portable.AR.Drone.Client.csproj", "{AD10C4FB-F8D9-4971-A6F4-5313D6241A56}"
EndProject
Project("{FAE04EC0-301F-11D3-BF4B-00C04F79EFBC}") = "Portable.AR.Drone.Media", "Portable\Portable.AR.Drone.Media\Portable.AR.Drone.Media.csproj", "{0372EAEE-7CE5-48D2-B0AA-C82585D31AE6}"
EndProject
Project("{FAE04EC0-301F-11D3-BF4B-00C04F79EFBC}") = "Portable.AR.Drone.Video", "Parrot\Portable.AR.Drone.Video\Portable.AR.Drone.Video.csproj", "{E85E5642-2AA1-4AA2-A3F5-7CE4A9D1C7BA}"
EndProject
Project("{FAE04EC0-301F-11D3-BF4B-00C04F79EFBC}") = "AttitudeIndicator", "Tests\AttitudeIndicator\AttitudeIndicator.csproj", "{8722106C-3EB8-46A0-9B1E-1B56BC1518C8}"
EndProject
Project("{FAE04EC0-301F-11D3-BF4B-00C04F79EFBC}") = "ARDroneInput", "ARDroneInput\ARDroneInput.csproj", "{104C0B70-4D35-4090-942A-9223222D0E6C}"
EndProject
Project("{FAE04EC0-301F-11D3-BF4B-00C04F79EFBC}") = "ARDroneBasics", "ARDroneBasics\ARDroneBasics.csproj", "{30FB7E9C-2668-4303-BF0D-1618DD30B8E5}"
EndProject
Global
	GlobalSection(SolutionConfigurationPlatforms) = preSolution
		Debug|Any CPU = Debug|Any CPU
		Release|Any CPU = Release|Any CPU
	EndGlobalSection
	GlobalSection(ProjectConfigurationPlatforms) = postSolution
		{A536B02A-B0B1-4753-8328-17369EF09976}.Debug|Any CPU.ActiveCfg = Debug|Any CPU
		{A536B02A-B0B1-4753-8328-17369EF09976}.Debug|Any CPU.Build.0 = Debug|Any CPU
		{A536B02A-B0B1-4753-8328-17369EF09976}.Release|Any CPU.ActiveCfg = Release|Any CPU
		{A536B02A-B0B1-4753-8328-17369EF09976}.Release|Any CPU.Build.0 = Release|Any CPU
		{56DBF8E3-28A6-4C27-BA0A-B32352608F44}.Debug|Any CPU.ActiveCfg = Debug|Any CPU
		{56DBF8E3-28A6-4C27-BA0A-B32352608F44}.Debug|Any CPU.Build.0 = Debug|Any CPU
		{56DBF8E3-28A6-4C27-BA0A-B32352608F44}.Release|Any CPU.ActiveCfg = Release|Any CPU
		{56DBF8E3-28A6-4C27-BA0A-B32352608F44}.Release|Any CPU.Build.0 = Release|Any CPU
		{78C83708-BF89-4A5D-B823-21D06EED6A6B}.Debug|Any CPU.ActiveCfg = Debug|Any CPU
		{78C83708-BF89-4A5D-B823-21D06EED6A6B}.Debug|Any CPU.Build.0 = Debug|Any CPU
		{78C83708-BF89-4A5D-B823-21D06EED6A6B}.Release|Any CPU.ActiveCfg = Release|Any CPU
		{78C83708-BF89-4A5D-B823-21D06EED6A6B}.Release|Any CPU.Build.0 = Release|Any CPU
		{36C63293-4C2D-41EC-B231-FAF55845C014}.Debug|Any CPU.ActiveCfg = Debug|Any CPU
		{36C63293-4C2D-41EC-B231-FAF55845C014}.Debug|Any CPU.Build.0 = Debug|Any CPU
		{36C63293-4C2D-41EC-B231-FAF55845C014}.Release|Any CPU.ActiveCfg = Release|Any CPU
		{36C63293-4C2D-41EC-B231-FAF55845C014}.Release|Any CPU.Build.0 = Release|Any CPU
		{DD02DB21-14CF-4E03-BEE2-AFB2B1C49A4D}.Debug|Any CPU.ActiveCfg = Debug|Any CPU
		{DD02DB21-14CF-4E03-BEE2-AFB2B1C49A4D}.Debug|Any CPU.Build.0 = Debug|Any CPU
		{DD02DB21-14CF-4E03-BEE2-AFB2B1C49A4D}.Release|Any CPU.ActiveCfg = Release|Any CPU
		{DD02DB21-14CF-4E03-BEE2-AFB2B1C49A4D}.Release|Any CPU.Build.0 = Release|Any CPU
		{7D1B0B10-82F9-413F-BEE9-0174753D93A1}.Debug|Any CPU.ActiveCfg = Debug|Any CPU
		{7D1B0B10-82F9-413F-BEE9-0174753D93A1}.Debug|Any CPU.Build.0 = Debug|Any CPU
		{7D1B0B10-82F9-413F-BEE9-0174753D93A1}.Release|Any CPU.ActiveCfg = Release|Any CPU
		{7D1B0B10-82F9-413F-BEE9-0174753D93A1}.Release|Any CPU.Build.0 = Release|Any CPU
		{5BE68B3D-1112-464D-8C17-844E834BB3BA}.Debug|Any CPU.ActiveCfg = Debug|Any CPU
		{5BE68B3D-1112-464D-8C17-844E834BB3BA}.Debug|Any CPU.Build.0 = Debug|Any CPU
		{5BE68B3D-1112-464D-8C17-844E834BB3BA}.Release|Any CPU.ActiveCfg = Release|Any CPU
		{5BE68B3D-1112-464D-8C17-844E834BB3BA}.Release|Any CPU.Build.0 = Release|Any CPU
		{19B1D7B1-C46F-4A87-A674-3350BF372A74}.Debug|Any CPU.ActiveCfg = Debug|Any CPU
		{19B1D7B1-C46F-4A87-A674-3350BF372A74}.Debug|Any CPU.Build.0 = Debug|Any CPU
		{19B1D7B1-C46F-4A87-A674-3350BF372A74}.Release|Any CPU.ActiveCfg = Release|Any CPU
		{19B1D7B1-C46F-4A87-A674-3350BF372A74}.Release|Any CPU.Build.0 = Release|Any CPU
		{D4A33158-58F9-49A7-B7A3-0D9AF338C108}.Debug|Any CPU.ActiveCfg = Debug|Any CPU
		{D4A33158-58F9-49A7-B7A3-0D9AF338C108}.Debug|Any CPU.Build.0 = Debug|Any CPU
		{D4A33158-58F9-49A7-B7A3-0D9AF338C108}.Release|Any CPU.ActiveCfg = Release|Any CPU
		{D4A33158-58F9-49A7-B7A3-0D9AF338C108}.Release|Any CPU.Build.0 = Release|Any CPU
		{A61853C5-1CFE-4858-9D4E-11C1D2622034}.Debug|Any CPU.ActiveCfg = Debug|Any CPU
		{A61853C5-1CFE-4858-9D4E-11C1D2622034}.Debug|Any CPU.Build.0 = Debug|Any CPU
		{A61853C5-1CFE-4858-9D4E-11C1D2622034}.Release|Any CPU.ActiveCfg = Release|Any CPU
		{A61853C5-1CFE-4858-9D4E-11C1D2622034}.Release|Any CPU.Build.0 = Release|Any CPU
		{6DEED5C8-104F-4CFB-B9C7-E6C3A217CB6C}.Debug|Any CPU.ActiveCfg = Debug|Any CPU
		{6DEED5C8-104F-4CFB-B9C7-E6C3A217CB6C}.Debug|Any CPU.Build.0 = Debug|Any CPU
		{6DEED5C8-104F-4CFB-B9C7-E6C3A217CB6C}.Release|Any CPU.ActiveCfg = Release|Any CPU
		{6DEED5C8-104F-4CFB-B9C7-E6C3A217CB6C}.Release|Any CPU.Build.0 = Release|Any CPU
		{7D1DB3C9-71C8-472B-851E-68103041E8D5}.Debug|Any CPU.ActiveCfg = Debug|Any CPU
		{7D1DB3C9-71C8-472B-851E-68103041E8D5}.Debug|Any CPU.Build.0 = Debug|Any CPU
		{7D1DB3C9-71C8-472B-851E-68103041E8D5}.Release|Any CPU.ActiveCfg = Release|Any CPU
		{7D1DB3C9-71C8-472B-851E-68103041E8D5}.Release|Any CPU.Build.0 = Release|Any CPU
		{57BEEC76-BA48-4EA9-A30C-E8ACD9DD3B07}.Debug|Any CPU.ActiveCfg = Debug|Any CPU
		{57BEEC76-BA48-4EA9-A30C-E8ACD9DD3B07}.Debug|Any CPU.Build.0 = Debug|Any CPU
		{57BEEC76-BA48-4EA9-A30C-E8ACD9DD3B07}.Release|Any CPU.ActiveCfg = Release|Any CPU
		{57BEEC76-BA48-4EA9-A30C-E8ACD9DD3B07}.Release|Any CPU.Build.0 = Release|Any CPU
		{AD10C4FB-F8D9-4971-A6F4-5313D6241A56}.Debug|Any CPU.ActiveCfg = Debug|Any CPU
		{AD10C4FB-F8D9-4971-A6F4-5313D6241A56}.Debug|Any CPU.Build.0 = Debug|Any CPU
		{AD10C4FB-F8D9-4971-A6F4-5313D6241A56}.Release|Any CPU.ActiveCfg = Release|Any CPU
		{AD10C4FB-F8D9-4971-A6F4-5313D6241A56}.Release|Any CPU.Build.0 = Release|Any CPU
		{0372EAEE-7CE5-48D2-B0AA-C82585D31AE6}.Debug|Any CPU.ActiveCfg = Debug|Any CPU
		{0372EAEE-7CE5-48D2-B0AA-C82585D31AE6}.Debug|Any CPU.Build.0 = Debug|Any CPU
		{0372EAEE-7CE5-48D2-B0AA-C82585D31AE6}.Release|Any CPU.ActiveCfg = Release|Any CPU
		{0372EAEE-7CE5-48D2-B0AA-C82585D31AE6}.Release|Any CPU.Build.0 = Release|Any CPU
		{E85E5642-2AA1-4AA2-A3F5-7CE4A9D1C7BA}.Debug|Any CPU.ActiveCfg = Debug|Any CPU
		{E85E5642-2AA1-4AA2-A3F5-7CE4A9D1C7BA}.Debug|Any CPU.Build.0 = Debug|Any CPU
		{E85E5642-2AA1-4AA2-A3F5-7CE4A9D1C7BA}.Release|Any CPU.ActiveCfg = Release|Any CPU
		{E85E5642-2AA1-4AA2-A3F5-7CE4A9D1C7BA}.Release|Any CPU.Build.0 = Release|Any CPU
		{8722106C-3EB8-46A0-9B1E-1B56BC1518C8}.Debug|Any CPU.ActiveCfg = Debug|Any CPU
		{8722106C-3EB8-46A0-9B1E-1B56BC1518C8}.Debug|Any CPU.Build.0 = Debug|Any CPU
		{8722106C-3EB8-46A0-9B1E-1B56BC1518C8}.Release|Any CPU.ActiveCfg = Release|Any CPU
		{8722106C-3EB8-46A0-9B1E-1B56BC1518C8}.Release|Any CPU.Build.0 = Release|Any CPU
		{104C0B70-4D35-4090-942A-9223222D0E6C}.Debug|Any CPU.ActiveCfg = Debug|Any CPU
		{104C0B70-4D35-4090-942A-9223222D0E6C}.Debug|Any CPU.Build.0 = Debug|Any CPU
		{104C0B70-4D35-4090-942A-9223222D0E6C}.Release|Any CPU.ActiveCfg = Release|Any CPU
		{104C0B70-4D35-4090-942A-9223222D0E6C}.Release|Any CPU.Build.0 = Release|Any CPU
		{30FB7E9C-2668-4303-BF0D-1618DD30B8E5}.Debug|Any CPU.ActiveCfg = Debug|Any CPU
		{30FB7E9C-2668-4303-BF0D-1618DD30B8E5}.Debug|Any CPU.Build.0 = Debug|Any CPU
		{30FB7E9C-2668-4303-BF0D-1618DD30B8E5}.Release|Any CPU.ActiveCfg = Release|Any CPU
		{30FB7E9C-2668-4303-BF0D-1618DD30B8E5}.Release|Any CPU.Build.0 = Release|Any CPU
	EndGlobalSection
	GlobalSection(SolutionProperties) = preSolution
		HideSolutionNode = FALSE
	EndGlobalSection
	GlobalSection(NestedProjects) = preSolution
		{C6A7EF1B-B31F-40F5-B820-0660F28710D2} = {87C5DD7A-A991-4BA1-99AD-A9EED1FE64D7}
		{A536B02A-B0B1-4753-8328-17369EF09976} = {87C5DD7A-A991-4BA1-99AD-A9EED1FE64D7}
		{56DBF8E3-28A6-4C27-BA0A-B32352608F44} = {87C5DD7A-A991-4BA1-99AD-A9EED1FE64D7}
		{36C63293-4C2D-41EC-B231-FAF55845C014} = {87C5DD7A-A991-4BA1-99AD-A9EED1FE64D7}
		{DD02DB21-14CF-4E03-BEE2-AFB2B1C49A4D} = {87C5DD7A-A991-4BA1-99AD-A9EED1FE64D7}
		{7D1B0B10-82F9-413F-BEE9-0174753D93A1} = {87C5DD7A-A991-4BA1-99AD-A9EED1FE64D7}
		{5BE68B3D-1112-464D-8C17-844E834BB3BA} = {87C5DD7A-A991-4BA1-99AD-A9EED1FE64D7}
		{19B1D7B1-C46F-4A87-A674-3350BF372A74} = {87C5DD7A-A991-4BA1-99AD-A9EED1FE64D7}
		{104C0B70-4D35-4090-942A-9223222D0E6C} = {87C5DD7A-A991-4BA1-99AD-A9EED1FE64D7}
		{30FB7E9C-2668-4303-BF0D-1618DD30B8E5} = {87C5DD7A-A991-4BA1-99AD-A9EED1FE64D7}
		{6DEED5C8-104F-4CFB-B9C7-E6C3A217CB6C} = {C6A7EF1B-B31F-40F5-B820-0660F28710D2}
		{7D1DB3C9-71C8-472B-851E-68103041E8D5} = {C6A7EF1B-B31F-40F5-B820-0660F28710D2}
		{57BEEC76-BA48-4EA9-A30C-E8ACD9DD3B07} = {C6A7EF1B-B31F-40F5-B820-0660F28710D2}
		{AD10C4FB-F8D9-4971-A6F4-5313D6241A56} = {C6A7EF1B-B31F-40F5-B820-0660F28710D2}
		{0372EAEE-7CE5-48D2-B0AA-C82585D31AE6} = {C6A7EF1B-B31F-40F5-B820-0660F28710D2}
		{E85E5642-2AA1-4AA2-A3F5-7CE4A9D1C7BA} = {C6A7EF1B-B31F-40F5-B820-0660F28710D2}
		{8722106C-3EB8-46A0-9B1E-1B56BC1518C8} = {6CBCAA58-357F-445A-ACD4-76C1933F1AA0}
	EndGlobalSection
	GlobalSection(MonoDevelopProperties) = preSolution
		StartupItem = AR.Drone.WinApp\AR.Drone.WinApp.csproj
	EndGlobalSection
EndGlobal
